// !$*UTF8*$!
{
	archiveVersion = 1;
	classes = {
	};
	objectVersion = 50;
	objects = {

/* Begin PBXBuildFile section */
		8F90BF7724FF7AC500B7EDD9 /* AppDelegate.m in Sources */ = {isa = PBXBuildFile; fileRef = 8F90BF7624FF7AC500B7EDD9 /* AppDelegate.m */; };
		8F90BF7A24FF7AC500B7EDD9 /* SceneDelegate.m in Sources */ = {isa = PBXBuildFile; fileRef = 8F90BF7924FF7AC500B7EDD9 /* SceneDelegate.m */; };
		8F90BF7D24FF7AC500B7EDD9 /* ViewController.m in Sources */ = {isa = PBXBuildFile; fileRef = 8F90BF7C24FF7AC500B7EDD9 /* ViewController.m */; };
		8F90BF8024FF7AC500B7EDD9 /* Main.storyboard in Resources */ = {isa = PBXBuildFile; fileRef = 8F90BF7E24FF7AC500B7EDD9 /* Main.storyboard */; };
		8F90BF8224FF7AC700B7EDD9 /* Assets.xcassets in Resources */ = {isa = PBXBuildFile; fileRef = 8F90BF8124FF7AC700B7EDD9 /* Assets.xcassets */; };
		8F90BF8524FF7AC700B7EDD9 /* LaunchScreen.storyboard in Resources */ = {isa = PBXBuildFile; fileRef = 8F90BF8324FF7AC700B7EDD9 /* LaunchScreen.storyboard */; };
		8F90BF8824FF7AC700B7EDD9 /* main.m in Sources */ = {isa = PBXBuildFile; fileRef = 8F90BF8724FF7AC700B7EDD9 /* main.m */; };
		8F90BF9224FF7AC700B7EDD9 /* Lecture8ProjectTests.m in Sources */ = {isa = PBXBuildFile; fileRef = 8F90BF9124FF7AC700B7EDD9 /* Lecture8ProjectTests.m */; };
		8F90BF9D24FF7AC700B7EDD9 /* Lecture8ProjectUITests.m in Sources */ = {isa = PBXBuildFile; fileRef = 8F90BF9C24FF7AC700B7EDD9 /* Lecture8ProjectUITests.m */; };
		8F90BFAC24FF90C200B7EDD9 /* DropitBehavior.m in Sources */ = {isa = PBXBuildFile; fileRef = 8F90BFAB24FF90C200B7EDD9 /* DropitBehavior.m */; };
/* End PBXBuildFile section */

/* Begin PBXContainerItemProxy section */
		8F90BF8E24FF7AC700B7EDD9 /* PBXContainerItemProxy */ = {
			isa = PBXContainerItemProxy;
			containerPortal = 8F90BF6A24FF7AC500B7EDD9 /* Project object */;
			proxyType = 1;
			remoteGlobalIDString = 8F90BF7124FF7AC500B7EDD9;
			remoteInfo = Lecture8Project;
		};
		8F90BF9924FF7AC700B7EDD9 /* PBXContainerItemProxy */ = {
			isa = PBXContainerItemProxy;
			containerPortal = 8F90BF6A24FF7AC500B7EDD9 /* Project object */;
			proxyType = 1;
			remoteGlobalIDString = 8F90BF7124FF7AC500B7EDD9;
			remoteInfo = Lecture8Project;
		};
/* End PBXContainerItemProxy section */

/* Begin PBXFileReference section */
		8F90BF7224FF7AC500B7EDD9 /* Lecture8Project.app */ = {isa = PBXFileReference; explicitFileType = wrapper.application; includeInIndex = 0; path = Lecture8Project.app; sourceTree = BUILT_PRODUCTS_DIR; };
		8F90BF7524FF7AC500B7EDD9 /* AppDelegate.h */ = {isa = PBXFileReference; lastKnownFileType = sourcecode.c.h; path = AppDelegate.h; sourceTree = "<group>"; };
		8F90BF7624FF7AC500B7EDD9 /* AppDelegate.m */ = {isa = PBXFileReference; lastKnownFileType = sourcecode.c.objc; path = AppDelegate.m; sourceTree = "<group>"; };
		8F90BF7824FF7AC500B7EDD9 /* SceneDelegate.h */ = {isa = PBXFileReference; lastKnownFileType = sourcecode.c.h; path = SceneDelegate.h; sourceTree = "<group>"; };
		8F90BF7924FF7AC500B7EDD9 /* SceneDelegate.m */ = {isa = PBXFileReference; lastKnownFileType = sourcecode.c.objc; path = SceneDelegate.m; sourceTree = "<group>"; };
		8F90BF7B24FF7AC500B7EDD9 /* ViewController.h */ = {isa = PBXFileReference; lastKnownFileType = sourcecode.c.h; path = ViewController.h; sourceTree = "<group>"; };
		8F90BF7C24FF7AC500B7EDD9 /* ViewController.m */ = {isa = PBXFileReference; lastKnownFileType = sourcecode.c.objc; path = ViewController.m; sourceTree = "<group>"; };
		8F90BF7F24FF7AC500B7EDD9 /* Base */ = {isa = PBXFileReference; lastKnownFileType = file.storyboard; name = Base; path = Base.lproj/Main.storyboard; sourceTree = "<group>"; };
		8F90BF8124FF7AC700B7EDD9 /* Assets.xcassets */ = {isa = PBXFileReference; lastKnownFileType = folder.assetcatalog; path = Assets.xcassets; sourceTree = "<group>"; };
		8F90BF8424FF7AC700B7EDD9 /* Base */ = {isa = PBXFileReference; lastKnownFileType = file.storyboard; name = Base; path = Base.lproj/LaunchScreen.storyboard; sourceTree = "<group>"; };
		8F90BF8624FF7AC700B7EDD9 /* Info.plist */ = {isa = PBXFileReference; lastKnownFileType = text.plist.xml; path = Info.plist; sourceTree = "<group>"; };
		8F90BF8724FF7AC700B7EDD9 /* main.m */ = {isa = PBXFileReference; lastKnownFileType = sourcecode.c.objc; path = main.m; sourceTree = "<group>"; };
		8F90BF8D24FF7AC700B7EDD9 /* Lecture8ProjectTests.xctest */ = {isa = PBXFileReference; explicitFileType = wrapper.cfbundle; includeInIndex = 0; path = Lecture8ProjectTests.xctest; sourceTree = BUILT_PRODUCTS_DIR; };
		8F90BF9124FF7AC700B7EDD9 /* Lecture8ProjectTests.m */ = {isa = PBXFileReference; lastKnownFileType = sourcecode.c.objc; path = Lecture8ProjectTests.m; sourceTree = "<group>"; };
		8F90BF9324FF7AC700B7EDD9 /* Info.plist */ = {isa = PBXFileReference; lastKnownFileType = text.plist.xml; path = Info.plist; sourceTree = "<group>"; };
		8F90BF9824FF7AC700B7EDD9 /* Lecture8ProjectUITests.xctest */ = {isa = PBXFileReference; explicitFileType = wrapper.cfbundle; includeInIndex = 0; path = Lecture8ProjectUITests.xctest; sourceTree = BUILT_PRODUCTS_DIR; };
		8F90BF9C24FF7AC700B7EDD9 /* Lecture8ProjectUITests.m */ = {isa = PBXFileReference; lastKnownFileType = sourcecode.c.objc; path = Lecture8ProjectUITests.m; sourceTree = "<group>"; };
		8F90BF9E24FF7AC700B7EDD9 /* Info.plist */ = {isa = PBXFileReference; lastKnownFileType = text.plist.xml; path = Info.plist; sourceTree = "<group>"; };
		8F90BFAA24FF90C200B7EDD9 /* DropitBehavior.h */ = {isa = PBXFileReference; lastKnownFileType = sourcecode.c.h; path = DropitBehavior.h; sourceTree = "<group>"; };
		8F90BFAB24FF90C200B7EDD9 /* DropitBehavior.m */ = {isa = PBXFileReference; lastKnownFileType = sourcecode.c.objc; path = DropitBehavior.m; sourceTree = "<group>"; };
/* End PBXFileReference section */

/* Begin PBXFrameworksBuildPhase section */
		8F90BF6F24FF7AC500B7EDD9 /* Frameworks */ = {
			isa = PBXFrameworksBuildPhase;
			buildActionMask = 2147483647;
			files = (
			);
			runOnlyForDeploymentPostprocessing = 0;
		};
		8F90BF8A24FF7AC700B7EDD9 /* Frameworks */ = {
			isa = PBXFrameworksBuildPhase;
			buildActionMask = 2147483647;
			files = (
			);
			runOnlyForDeploymentPostprocessing = 0;
		};
		8F90BF9524FF7AC700B7EDD9 /* Frameworks */ = {
			isa = PBXFrameworksBuildPhase;
			buildActionMask = 2147483647;
			files = (
			);
			runOnlyForDeploymentPostprocessing = 0;
		};
/* End PBXFrameworksBuildPhase section */

/* Begin PBXGroup section */
		8F90BF6924FF7AC500B7EDD9 = {
			isa = PBXGroup;
			children = (
				8F90BF7424FF7AC500B7EDD9 /* Lecture8Project */,
				8F90BF9024FF7AC700B7EDD9 /* Lecture8ProjectTests */,
				8F90BF9B24FF7AC700B7EDD9 /* Lecture8ProjectUITests */,
				8F90BF7324FF7AC500B7EDD9 /* Products */,
			);
			sourceTree = "<group>";
		};
		8F90BF7324FF7AC500B7EDD9 /* Products */ = {
			isa = PBXGroup;
			children = (
				8F90BF7224FF7AC500B7EDD9 /* Lecture8Project.app */,
				8F90BF8D24FF7AC700B7EDD9 /* Lecture8ProjectTests.xctest */,
				8F90BF9824FF7AC700B7EDD9 /* Lecture8ProjectUITests.xctest */,
			);
			name = Products;
			sourceTree = "<group>";
		};
		8F90BF7424FF7AC500B7EDD9 /* Lecture8Project */ = {
			isa = PBXGroup;
			children = (
				8F90BF7524FF7AC500B7EDD9 /* AppDelegate.h */,
				8F90BF7624FF7AC500B7EDD9 /* AppDelegate.m */,
				8F90BF7824FF7AC500B7EDD9 /* SceneDelegate.h */,
				8F90BF7924FF7AC500B7EDD9 /* SceneDelegate.m */,
				8F90BF7B24FF7AC500B7EDD9 /* ViewController.h */,
				8F90BF7C24FF7AC500B7EDD9 /* ViewController.m */,
				8F90BF7E24FF7AC500B7EDD9 /* Main.storyboard */,
				8F90BF8124FF7AC700B7EDD9 /* Assets.xcassets */,
				8F90BF8324FF7AC700B7EDD9 /* LaunchScreen.storyboard */,
				8F90BF8624FF7AC700B7EDD9 /* Info.plist */,
				8F90BF8724FF7AC700B7EDD9 /* main.m */,
				8F90BFAA24FF90C200B7EDD9 /* DropitBehavior.h */,
				8F90BFAB24FF90C200B7EDD9 /* DropitBehavior.m */,
			);
			path = Lecture8Project;
			sourceTree = "<group>";
		};
		8F90BF9024FF7AC700B7EDD9 /* Lecture8ProjectTests */ = {
			isa = PBXGroup;
			children = (
				8F90BF9124FF7AC700B7EDD9 /* Lecture8ProjectTests.m */,
				8F90BF9324FF7AC700B7EDD9 /* Info.plist */,
			);
			path = Lecture8ProjectTests;
			sourceTree = "<group>";
		};
		8F90BF9B24FF7AC700B7EDD9 /* Lecture8ProjectUITests */ = {
			isa = PBXGroup;
			children = (
				8F90BF9C24FF7AC700B7EDD9 /* Lecture8ProjectUITests.m */,
				8F90BF9E24FF7AC700B7EDD9 /* Info.plist */,
			);
			path = Lecture8ProjectUITests;
			sourceTree = "<group>";
		};
/* End PBXGroup section */

/* Begin PBXNativeTarget section */
		8F90BF7124FF7AC500B7EDD9 /* Lecture8Project */ = {
			isa = PBXNativeTarget;
			buildConfigurationList = 8F90BFA124FF7AC700B7EDD9 /* Build configuration list for PBXNativeTarget "Lecture8Project" */;
			buildPhases = (
				8F90BF6E24FF7AC500B7EDD9 /* Sources */,
				8F90BF6F24FF7AC500B7EDD9 /* Frameworks */,
				8F90BF7024FF7AC500B7EDD9 /* Resources */,
			);
			buildRules = (
			);
			dependencies = (
			);
			name = Lecture8Project;
			productName = Lecture8Project;
			productReference = 8F90BF7224FF7AC500B7EDD9 /* Lecture8Project.app */;
			productType = "com.apple.product-type.application";
		};
		8F90BF8C24FF7AC700B7EDD9 /* Lecture8ProjectTests */ = {
			isa = PBXNativeTarget;
			buildConfigurationList = 8F90BFA424FF7AC700B7EDD9 /* Build configuration list for PBXNativeTarget "Lecture8ProjectTests" */;
			buildPhases = (
				8F90BF8924FF7AC700B7EDD9 /* Sources */,
				8F90BF8A24FF7AC700B7EDD9 /* Frameworks */,
				8F90BF8B24FF7AC700B7EDD9 /* Resources */,
			);
			buildRules = (
			);
			dependencies = (
				8F90BF8F24FF7AC700B7EDD9 /* PBXTargetDependency */,
			);
			name = Lecture8ProjectTests;
			productName = Lecture8ProjectTests;
			productReference = 8F90BF8D24FF7AC700B7EDD9 /* Lecture8ProjectTests.xctest */;
			productType = "com.apple.product-type.bundle.unit-test";
		};
		8F90BF9724FF7AC700B7EDD9 /* Lecture8ProjectUITests */ = {
			isa = PBXNativeTarget;
			buildConfigurationList = 8F90BFA724FF7AC700B7EDD9 /* Build configuration list for PBXNativeTarget "Lecture8ProjectUITests" */;
			buildPhases = (
				8F90BF9424FF7AC700B7EDD9 /* Sources */,
				8F90BF9524FF7AC700B7EDD9 /* Frameworks */,
				8F90BF9624FF7AC700B7EDD9 /* Resources */,
			);
			buildRules = (
			);
			dependencies = (
				8F90BF9A24FF7AC700B7EDD9 /* PBXTargetDependency */,
			);
			name = Lecture8ProjectUITests;
			productName = Lecture8ProjectUITests;
			productReference = 8F90BF9824FF7AC700B7EDD9 /* Lecture8ProjectUITests.xctest */;
			productType = "com.apple.product-type.bundle.ui-testing";
		};
/* End PBXNativeTarget section */

/* Begin PBXProject section */
		8F90BF6A24FF7AC500B7EDD9 /* Project object */ = {
			isa = PBXProject;
			attributes = {
				LastUpgradeCheck = 1160;
				ORGANIZATIONNAME = larryhzhang;
				TargetAttributes = {
					8F90BF7124FF7AC500B7EDD9 = {
						CreatedOnToolsVersion = 11.6;
					};
					8F90BF8C24FF7AC700B7EDD9 = {
						CreatedOnToolsVersion = 11.6;
						TestTargetID = 8F90BF7124FF7AC500B7EDD9;
					};
					8F90BF9724FF7AC700B7EDD9 = {
						CreatedOnToolsVersion = 11.6;
						TestTargetID = 8F90BF7124FF7AC500B7EDD9;
					};
				};
			};
			buildConfigurationList = 8F90BF6D24FF7AC500B7EDD9 /* Build configuration list for PBXProject "Lecture8Project" */;
			compatibilityVersion = "Xcode 9.3";
			developmentRegion = en;
			hasScannedForEncodings = 0;
			knownRegions = (
				en,
				Base,
			);
			mainGroup = 8F90BF6924FF7AC500B7EDD9;
			productRefGroup = 8F90BF7324FF7AC500B7EDD9 /* Products */;
			projectDirPath = "";
			projectRoot = "";
			targets = (
				8F90BF7124FF7AC500B7EDD9 /* Lecture8Project */,
				8F90BF8C24FF7AC700B7EDD9 /* Lecture8ProjectTests */,
				8F90BF9724FF7AC700B7EDD9 /* Lecture8ProjectUITests */,
			);
		};
/* End PBXProject section */

/* Begin PBXResourcesBuildPhase section */
		8F90BF7024FF7AC500B7EDD9 /* Resources */ = {
			isa = PBXResourcesBuildPhase;
			buildActionMask = 2147483647;
			files = (
				8F90BF8524FF7AC700B7EDD9 /* LaunchScreen.storyboard in Resources */,
				8F90BF8224FF7AC700B7EDD9 /* Assets.xcassets in Resources */,
				8F90BF8024FF7AC500B7EDD9 /* Main.storyboard in Resources */,
			);
			runOnlyForDeploymentPostprocessing = 0;
		};
		8F90BF8B24FF7AC700B7EDD9 /* Resources */ = {
			isa = PBXResourcesBuildPhase;
			buildActionMask = 2147483647;
			files = (
			);
			runOnlyForDeploymentPostprocessing = 0;
		};
		8F90BF9624FF7AC700B7EDD9 /* Resources */ = {
			isa = PBXResourcesBuildPhase;
			buildActionMask = 2147483647;
			files = (
			);
			runOnlyForDeploymentPostprocessing = 0;
		};
/* End PBXResourcesBuildPhase section */

/* Begin PBXSourcesBuildPhase section */
		8F90BF6E24FF7AC500B7EDD9 /* Sources */ = {
			isa = PBXSourcesBuildPhase;
			buildActionMask = 2147483647;
			files = (
				8F90BF7D24FF7AC500B7EDD9 /* ViewController.m in Sources */,
				8F90BFAC24FF90C200B7EDD9 /* DropitBehavior.m in Sources */,
				8F90BF7724FF7AC500B7EDD9 /* AppDelegate.m in Sources */,
				8F90BF8824FF7AC700B7EDD9 /* main.m in Sources */,
				8F90BF7A24FF7AC500B7EDD9 /* SceneDelegate.m in Sources */,
			);
			runOnlyForDeploymentPostprocessing = 0;
		};
		8F90BF8924FF7AC700B7EDD9 /* Sources */ = {
			isa = PBXSourcesBuildPhase;
			buildActionMask = 2147483647;
			files = (
				8F90BF9224FF7AC700B7EDD9 /* Lecture8ProjectTests.m in Sources */,
			);
			runOnlyForDeploymentPostprocessing = 0;
		};
		8F90BF9424FF7AC700B7EDD9 /* Sources */ = {
			isa = PBXSourcesBuildPhase;
			buildActionMask = 2147483647;
			files = (
				8F90BF9D24FF7AC700B7EDD9 /* Lecture8ProjectUITests.m in Sources */,
			);
			runOnlyForDeploymentPostprocessing = 0;
		};
/* End PBXSourcesBuildPhase section */

/* Begin PBXTargetDependency section */
		8F90BF8F24FF7AC700B7EDD9 /* PBXTargetDependency */ = {
			isa = PBXTargetDependency;
			target = 8F90BF7124FF7AC500B7EDD9 /* Lecture8Project */;
			targetProxy = 8F90BF8E24FF7AC700B7EDD9 /* PBXContainerItemProxy */;
		};
		8F90BF9A24FF7AC700B7EDD9 /* PBXTargetDependency */ = {
			isa = PBXTargetDependency;
			target = 8F90BF7124FF7AC500B7EDD9 /* Lecture8Project */;
			targetProxy = 8F90BF9924FF7AC700B7EDD9 /* PBXContainerItemProxy */;
		};
/* End PBXTargetDependency section */

/* Begin PBXVariantGroup section */
		8F90BF7E24FF7AC500B7EDD9 /* Main.storyboard */ = {
			isa = PBXVariantGroup;
			children = (
				8F90BF7F24FF7AC500B7EDD9 /* Base */,
			);
			name = Main.storyboard;
			sourceTree = "<group>";
		};
		8F90BF8324FF7AC700B7EDD9 /* LaunchScreen.storyboard */ = {
			isa = PBXVariantGroup;
			children = (
				8F90BF8424FF7AC700B7EDD9 /* Base */,
			);
			name = LaunchScreen.storyboard;
			sourceTree = "<group>";
		};
/* End PBXVariantGroup section */

/* Begin XCBuildConfiguration section */
		8F90BF9F24FF7AC700B7EDD9 /* Debug */ = {
			isa = XCBuildConfiguration;
			buildSettings = {
				ALWAYS_SEARCH_USER_PATHS = NO;
				CLANG_ANALYZER_NONNULL = YES;
				CLANG_ANALYZER_NUMBER_OBJECT_CONVERSION = YES_AGGRESSIVE;
				CLANG_CXX_LANGUAGE_STANDARD = "gnu++14";
				CLANG_CXX_LIBRARY = "libc++";
				CLANG_ENABLE_MODULES = YES;
				CLANG_ENABLE_OBJC_ARC = YES;
				CLANG_ENABLE_OBJC_WEAK = YES;
				CLANG_WARN_BLOCK_CAPTURE_AUTORELEASING = YES;
				CLANG_WARN_BOOL_CONVERSION = YES;
				CLANG_WARN_COMMA = YES;
				CLANG_WARN_CONSTANT_CONVERSION = YES;
				CLANG_WARN_DEPRECATED_OBJC_IMPLEMENTATIONS = YES;
				CLANG_WARN_DIRECT_OBJC_ISA_USAGE = YES_ERROR;
				CLANG_WARN_DOCUMENTATION_COMMENTS = YES;
				CLANG_WARN_EMPTY_BODY = YES;
				CLANG_WARN_ENUM_CONVERSION = YES;
				CLANG_WARN_INFINITE_RECURSION = YES;
				CLANG_WARN_INT_CONVERSION = YES;
				CLANG_WARN_NON_LITERAL_NULL_CONVERSION = YES;
				CLANG_WARN_OBJC_IMPLICIT_RETAIN_SELF = YES;
				CLANG_WARN_OBJC_LITERAL_CONVERSION = YES;
				CLANG_WARN_OBJC_ROOT_CLASS = YES_ERROR;
				CLANG_WARN_RANGE_LOOP_ANALYSIS = YES;
				CLANG_WARN_STRICT_PROTOTYPES = YES;
				CLANG_WARN_SUSPICIOUS_MOVE = YES;
				CLANG_WARN_UNGUARDED_AVAILABILITY = YES_AGGRESSIVE;
				CLANG_WARN_UNREACHABLE_CODE = YES;
				CLANG_WARN__DUPLICATE_METHOD_MATCH = YES;
				COPY_PHASE_STRIP = NO;
				DEBUG_INFORMATION_FORMAT = dwarf;
				ENABLE_STRICT_OBJC_MSGSEND = YES;
				ENABLE_TESTABILITY = YES;
				GCC_C_LANGUAGE_STANDARD = gnu11;
				GCC_DYNAMIC_NO_PIC = NO;
				GCC_NO_COMMON_BLOCKS = YES;
				GCC_OPTIMIZATION_LEVEL = 0;
				GCC_PREPROCESSOR_DEFINITIONS = (
					"DEBUG=1",
					"$(inherited)",
				);
				GCC_WARN_64_TO_32_BIT_CONVERSION = YES;
				GCC_WARN_ABOUT_RETURN_TYPE = YES_ERROR;
				GCC_WARN_UNDECLARED_SELECTOR = YES;
				GCC_WARN_UNINITIALIZED_AUTOS = YES_AGGRESSIVE;
				GCC_WARN_UNUSED_FUNCTION = YES;
				GCC_WARN_UNUSED_VARIABLE = YES;
				IPHONEOS_DEPLOYMENT_TARGET = 13.6;
				MTL_ENABLE_DEBUG_INFO = INCLUDE_SOURCE;
				MTL_FAST_MATH = YES;
				ONLY_ACTIVE_ARCH = YES;
				SDKROOT = iphoneos;
			};
			name = Debug;
		};
		8F90BFA024FF7AC700B7EDD9 /* Release */ = {
			isa = XCBuildConfiguration;
			buildSettings = {
				ALWAYS_SEARCH_USER_PATHS = NO;
				CLANG_ANALYZER_NONNULL = YES;
				CLANG_ANALYZER_NUMBER_OBJECT_CONVERSION = YES_AGGRESSIVE;
				CLANG_CXX_LANGUAGE_STANDARD = "gnu++14";
				CLANG_CXX_LIBRARY = "libc++";
				CLANG_ENABLE_MODULES = YES;
				CLANG_ENABLE_OBJC_ARC = YES;
				CLANG_ENABLE_OBJC_WEAK = YES;
				CLANG_WARN_BLOCK_CAPTURE_AUTORELEASING = YES;
				CLANG_WARN_BOOL_CONVERSION = YES;
				CLANG_WARN_COMMA = YES;
				CLANG_WARN_CONSTANT_CONVERSION = YES;
				CLANG_WARN_DEPRECATED_OBJC_IMPLEMENTATIONS = YES;
				CLANG_WARN_DIRECT_OBJC_ISA_USAGE = YES_ERROR;
				CLANG_WARN_DOCUMENTATION_COMMENTS = YES;
				CLANG_WARN_EMPTY_BODY = YES;
				CLANG_WARN_ENUM_CONVERSION = YES;
				CLANG_WARN_INFINITE_RECURSION = YES;
				CLANG_WARN_INT_CONVERSION = YES;
				CLANG_WARN_NON_LITERAL_NULL_CONVERSION = YES;
				CLANG_WARN_OBJC_IMPLICIT_RETAIN_SELF = YES;
				CLANG_WARN_OBJC_LITERAL_CONVERSION = YES;
				CLANG_WARN_OBJC_ROOT_CLASS = YES_ERROR;
				CLANG_WARN_RANGE_LOOP_ANALYSIS = YES;
				CLANG_WARN_STRICT_PROTOTYPES = YES;
				CLANG_WARN_SUSPICIOUS_MOVE = YES;
				CLANG_WARN_UNGUARDED_AVAILABILITY = YES_AGGRESSIVE;
				CLANG_WARN_UNREACHABLE_CODE = YES;
				CLANG_WARN__DUPLICATE_METHOD_MATCH = YES;
				COPY_PHASE_STRIP = NO;
				DEBUG_INFORMATION_FORMAT = "dwarf-with-dsym";
				ENABLE_NS_ASSERTIONS = NO;
				ENABLE_STRICT_OBJC_MSGSEND = YES;
				GCC_C_LANGUAGE_STANDARD = gnu11;
				GCC_NO_COMMON_BLOCKS = YES;
				GCC_WARN_64_TO_32_BIT_CONVERSION = YES;
				GCC_WARN_ABOUT_RETURN_TYPE = YES_ERROR;
				GCC_WARN_UNDECLARED_SELECTOR = YES;
				GCC_WARN_UNINITIALIZED_AUTOS = YES_AGGRESSIVE;
				GCC_WARN_UNUSED_FUNCTION = YES;
				GCC_WARN_UNUSED_VARIABLE = YES;
				IPHONEOS_DEPLOYMENT_TARGET = 13.6;
				MTL_ENABLE_DEBUG_INFO = NO;
				MTL_FAST_MATH = YES;
				SDKROOT = iphoneos;
				VALIDATE_PRODUCT = YES;
			};
			name = Release;
		};
		8F90BFA224FF7AC700B7EDD9 /* Debug */ = {
			isa = XCBuildConfiguration;
			buildSettings = {
				ASSETCATALOG_COMPILER_APPICON_NAME = AppIcon;
				CODE_SIGN_STYLE = Automatic;
				DEVELOPMENT_TEAM = WLZFD4T866;
				INFOPLIST_FILE = Lecture8Project/Info.plist;
				LD_RUNPATH_SEARCH_PATHS = (
					"$(inherited)",
					"@executable_path/Frameworks",
				);
				PRODUCT_BUNDLE_IDENTIFIER = larryhzhang.Lecture8Project;
				PRODUCT_NAME = "$(TARGET_NAME)";
				TARGETED_DEVICE_FAMILY = "1,2";
			};
			name = Debug;
		};
		8F90BFA324FF7AC700B7EDD9 /* Release */ = {
			isa = XCBuildConfiguration;
			buildSettings = {
				ASSETCATALOG_COMPILER_APPICON_NAME = AppIcon;
				CODE_SIGN_STYLE = Automatic;
				DEVELOPMENT_TEAM = WLZFD4T866;
				INFOPLIST_FILE = Lecture8Project/Info.plist;
				LD_RUNPATH_SEARCH_PATHS = (
					"$(inherited)",
					"@executable_path/Frameworks",
				);
				PRODUCT_BUNDLE_IDENTIFIER = larryhzhang.Lecture8Project;
				PRODUCT_NAME = "$(TARGET_NAME)";
				TARGETED_DEVICE_FAMILY = "1,2";
			};
			name = Release;
		};
		8F90BFA524FF7AC700B7EDD9 /* Debug */ = {
			isa = XCBuildConfiguration;
			buildSettings = {
				BUNDLE_LOADER = "$(TEST_HOST)";
				CODE_SIGN_STYLE = Automatic;
				DEVELOPMENT_TEAM = WLZFD4T866;
				INFOPLIST_FILE = Lecture8ProjectTests/Info.plist;
				IPHONEOS_DEPLOYMENT_TARGET = 13.6;
				LD_RUNPATH_SEARCH_PATHS = (
					"$(inherited)",
					"@executable_path/Frameworks",
					"@loader_path/Frameworks",
				);
				PRODUCT_BUNDLE_IDENTIFIER = larryhzhang.Lecture8ProjectTests;
				PRODUCT_NAME = "$(TARGET_NAME)";
				TARGETED_DEVICE_FAMILY = "1,2";
				TEST_HOST = "$(BUILT_PRODUCTS_DIR)/Lecture8Project.app/Lecture8Project";
			};
			name = Debug;
		};
		8F90BFA624FF7AC700B7EDD9 /* Release */ = {
			isa = XCBuildConfiguration;
			buildSettings = {
				BUNDLE_LOADER = "$(TEST_HOST)";
				CODE_SIGN_STYLE = Automatic;
				DEVELOPMENT_TEAM = WLZFD4T866;
				INFOPLIST_FILE = Lecture8ProjectTests/Info.plist;
				IPHONEOS_DEPLOYMENT_TARGET = 13.6;
				LD_RUNPATH_SEARCH_PATHS = (
					"$(inherited)",
					"@executable_path/Frameworks",
					"@loader_path/Frameworks",
				);
				PRODUCT_BUNDLE_IDENTIFIER = larryhzhang.Lecture8ProjectTests;
				PRODUCT_NAME = "$(TARGET_NAME)";
				TARGETED_DEVICE_FAMILY = "1,2";
				TEST_HOST = "$(BUILT_PRODUCTS_DIR)/Lecture8Project.app/Lecture8Project";
			};
			name = Release;
		};
		8F90BFA824FF7AC700B7EDD9 /* Debug */ = {
			isa = XCBuildConfiguration;
			buildSettings = {
				CODE_SIGN_STYLE = Automatic;
				DEVELOPMENT_TEAM = WLZFD4T866;
				INFOPLIST_FILE = Lecture8ProjectUITests/Info.plist;
				LD_RUNPATH_SEARCH_PATHS = (
					"$(inherited)",
					"@executable_path/Frameworks",
					"@loader_path/Frameworks",
				);
				PRODUCT_BUNDLE_IDENTIFIER = larryhzhang.Lecture8ProjectUITests;
				PRODUCT_NAME = "$(TARGET_NAME)";
				TARGETED_DEVICE_FAMILY = "1,2";
				TEST_TARGET_NAME = Lecture8Project;
			};
			name = Debug;
		};
		8F90BFA924FF7AC700B7EDD9 /* Release */ = {
			isa = XCBuildConfiguration;
			buildSettings = {
				CODE_SIGN_STYLE = Automatic;
				DEVELOPMENT_TEAM = WLZFD4T866;
				INFOPLIST_FILE = Lecture8ProjectUITests/Info.plist;
				LD_RUNPATH_SEARCH_PATHS = (
					"$(inherited)",
					"@executable_path/Frameworks",
					"@loader_path/Frameworks",
				);
				PRODUCT_BUNDLE_IDENTIFIER = larryhzhang.Lecture8ProjectUITests;
				PRODUCT_NAME = "$(TARGET_NAME)";
				TARGETED_DEVICE_FAMILY = "1,2";
				TEST_TARGET_NAME = Lecture8Project;
			};
			name = Release;
		};
/* End XCBuildConfiguration section */

/* Begin XCConfigurationList section */
		8F90BF6D24FF7AC500B7EDD9 /* Build configuration list for PBXProject "Lecture8Project" */ = {
			isa = XCConfigurationList;
			buildConfigurations = (
				8F90BF9F24FF7AC700B7EDD9 /* Debug */,
				8F90BFA024FF7AC700B7EDD9 /* Release */,
			);
			defaultConfigurationIsVisible = 0;
			defaultConfigurationName = Release;
		};
		8F90BFA124FF7AC700B7EDD9 /* Build configuration list for PBXNativeTarget "Lecture8Project" */ = {
			isa = XCConfigurationList;
			buildConfigurations = (
				8F90BFA224FF7AC700B7EDD9 /* Debug */,
				8F90BFA324FF7AC700B7EDD9 /* Release */,
			);
			defaultConfigurationIsVisible = 0;
			defaultConfigurationName = Release;
		};
		8F90BFA424FF7AC700B7EDD9 /* Build configuration list for PBXNativeTarget "Lecture8ProjectTests" */ = {
			isa = XCConfigurationList;
			buildConfigurations = (
				8F90BFA524FF7AC700B7EDD9 /* Debug */,
				8F90BFA624FF7AC700B7EDD9 /* Release */,
			);
			defaultConfigurationIsVisible = 0;
			defaultConfigurationName = Release;
		};
		8F90BFA724FF7AC700B7EDD9 /* Build configuration list for PBXNativeTarget "Lecture8ProjectUITests" */ = {
			isa = XCConfigurationList;
			buildConfigurations = (
				8F90BFA824FF7AC700B7EDD9 /* Debug */,
				8F90BFA924FF7AC700B7EDD9 /* Release */,
			);
			defaultConfigurationIsVisible = 0;
			defaultConfigurationName = Release;
		};
/* End XCConfigurationList section */
	};
	rootObject = 8F90BF6A24FF7AC500B7EDD9 /* Project object */;
}
